
Microsoft Visual Studio Solution File, Format Version 12.00
# Visual Studio Version 17
VisualStudioVersion = 17.14.36616.10
MinimumVisualStudioVersion = 10.0.40219.1
Project("{2150E333-8FDC-42A3-9474-1A3956D46DE8}") = "FrontEnd", "FrontEnd", "{02EA681E-C7D8-13C7-8484-4AC65E1B71E8}"
EndProject
Project("{2150E333-8FDC-42A3-9474-1A3956D46DE8}") = "integration", "integration", "{369CB01D-A1A7-72D2-AABC-3F0945D148A2}"
EndProject
Project("{2150E333-8FDC-42A3-9474-1A3956D46DE8}") = "Gateway", "Gateway", "{1E9759BF-5458-4676-9027-48FC225F74A9}"
EndProject
Project("{2150E333-8FDC-42A3-9474-1A3956D46DE8}") = "Services", "Services", "{DE6B6C37-A68B-4FF7-A1A5-7E6434169F27}"
EndProject
Project("{FAE04EC0-301F-11D3-BF4B-00C04F79EFBC}") = "Mango.Services.CouponAPI", "Mango.Services.CouponAPI\Mango.Services.CouponAPI.csproj", "{FB8B077E-D823-497C-BF0A-33B6D1FD1110}"
EndProject
Global
	GlobalSection(SolutionConfigurationPlatforms) = preSolution
		Debug|Any CPU = Debug|Any CPU
		Release|Any CPU = Release|Any CPU
	EndGlobalSection
	GlobalSection(ProjectConfigurationPlatforms) = postSolution
		{FB8B077E-D823-497C-BF0A-33B6D1FD1110}.Debug|Any CPU.ActiveCfg = Debug|Any CPU
		{FB8B077E-D823-497C-BF0A-33B6D1FD1110}.Debug|Any CPU.Build.0 = Debug|Any CPU
		{FB8B077E-D823-497C-BF0A-33B6D1FD1110}.Release|Any CPU.ActiveCfg = Release|Any CPU
		{FB8B077E-D823-497C-BF0A-33B6D1FD1110}.Release|Any CPU.Build.0 = Release|Any CPU
	EndGlobalSection
	GlobalSection(SolutionProperties) = preSolution
		HideSolutionNode = FALSE
	EndGlobalSection
	GlobalSection(NestedProjects) = preSolution
		{FB8B077E-D823-497C-BF0A-33B6D1FD1110} = {DE6B6C37-A68B-4FF7-A1A5-7E6434169F27}
	EndGlobalSection
	GlobalSection(ExtensibilityGlobals) = postSolution
		SolutionGuid = {894C917C-C126-4ADA-8398-64D487914E0D}
	EndGlobalSection
EndGlobal
